# SPDX-License-Identifier: CC-BY-SA-4.0
# Copyright (c) 2025-2026 Kaptain contributors (Fred Cooke)
#
# spec.main.runPlatform no longer exists: run-platform builds configure
# spec.main.environment.

apiVersion: kaptain.org/1.2
kind: kubernetes-run-platform-meta-environment
spec:
  main:
    runPlatform:
      deployMode: deployment
